{
  "name": "middy-invocation",
  "version": "1.0.0",
  "lockfileVersion": 3,
  "requires": true,
  "packages": {
    "": {
      "name": "middy-invocation",
      "version": "1.0.0",
      "license": "MIT",
      "dependencies": {
        "@types/aws-lambda": "^8.10.149"
      },
      "devDependencies": {},
      "peerDependencies": {
        "@middy/core": "^6.0.0"
      }
    },
    "node_modules/@middy/core": {
      "version": "6.1.6",
      "resolved": "https://registry.npmjs.org/@middy/core/-/core-6.1.6.tgz",
      "integrity": "sha512-YT7J0+9zgGIhKnC6lA5z1iE+EDHpmMda7H7gD59cu4inxRC2RTk+ensGFaJxXXMlAM08vGJn6Q5gH8KnV6YWoQ==",
      "license": "MIT",
      "peer": true,
      "engines": {
        "node": ">=20"
      },
      "funding": {
        "type": "github",
        "url": "https://github.com/sponsors/willfarrell"
      }
    },
    "node_modules/@types/aws-lambda": {
      "version": "8.10.149",
      "resolved": "https://registry.npmjs.org/@types/aws-lambda/-/aws-lambda-8.10.149.tgz",
      "integrity": "sha512-NXSZIhfJjnXqJgtS7IwutqIF/SOy1Wz5Px4gUY1RWITp3AYTyuJS4xaXr/bIJY1v15XMzrJ5soGnPM+7uigZjA==",
      "license": "MIT"
    }
  }
}
